Microsoft Visual Studio Solution File, Format Version 12.00
# Visual Studio Version 17
VisualStudioVersion = 17.5.2.0
MinimumVisualStudioVersion = 10.0.40219.1
Project("{FAE04EC0-301F-11D3-BF4B-00C04F79EFBC}") = "AutostoreProject", "AutostoreProject.csproj", "{238087F2-3FE7-C5AF-0424-3E7D87532497}"
EndProject
Global
	GlobalSection(SolutionConfigurationPlatforms) = preSolution
		Debug|Any CPU = Debug|Any CPU
		Release|Any CPU = Release|Any CPU
	EndGlobalSection
	GlobalSection(ProjectConfigurationPlatforms) = postSolution
		{238087F2-3FE7-C5AF-0424-3E7D87532497}.Debug|Any CPU.ActiveCfg = Debug|Any CPU
		{238087F2-3FE7-C5AF-0424-3E7D87532497}.Debug|Any CPU.Build.0 = Debug|Any CPU
		{238087F2-3FE7-C5AF-0424-3E7D87532497}.Release|Any CPU.ActiveCfg = Release|Any CPU
		{238087F2-3FE7-C5AF-0424-3E7D87532497}.Release|Any CPU.Build.0 = Release|Any CPU
	EndGlobalSection
	GlobalSection(SolutionProperties) = preSolution
		HideSolutionNode = FALSE
	EndGlobalSection
	GlobalSection(ExtensibilityGlobals) = postSolution
		SolutionGuid = {784C20B0-EE7C-47D2-BABE-BC8977F5A0B1}
	EndGlobalSection
EndGlobal
